
Microsoft Visual Studio Solution File, Format Version 12.00
# Visual Studio Version 17
VisualStudioVersion = 17.11.35303.130
MinimumVisualStudioVersion = 10.0.40219.1
Project("{FAE04EC0-301F-11D3-BF4B-00C04F79EFBC}") = "FilaHospital", "FilaHospital\FilaHospital.csproj", "{5ED2CA6E-B37B-444D-9BE3-B8ECAC9C7C63}"
EndProject
Global
	GlobalSection(SolutionConfigurationPlatforms) = preSolution
		Debug|Any CPU = Debug|Any CPU
		Release|Any CPU = Release|Any CPU
	EndGlobalSection
	GlobalSection(ProjectConfigurationPlatforms) = postSolution
		{5ED2CA6E-B37B-444D-9BE3-B8ECAC9C7C63}.Debug|Any CPU.ActiveCfg = Debug|Any CPU
		{5ED2CA6E-B37B-444D-9BE3-B8ECAC9C7C63}.Debug|Any CPU.Build.0 = Debug|Any CPU
		{5ED2CA6E-B37B-444D-9BE3-B8ECAC9C7C63}.Release|Any CPU.ActiveCfg = Release|Any CPU
		{5ED2CA6E-B37B-444D-9BE3-B8ECAC9C7C63}.Release|Any CPU.Build.0 = Release|Any CPU
	EndGlobalSection
	GlobalSection(SolutionProperties) = preSolution
		HideSolutionNode = FALSE
	EndGlobalSection
	GlobalSection(ExtensibilityGlobals) = postSolution
		SolutionGuid = {14F091AA-F3BD-4E39-BABD-AB34FB45D9B5}
	EndGlobalSection
EndGlobal
